
Microsoft Visual Studio Solution File, Format Version 11.00
# Visual C# Express 2010
Project("{FAE04EC0-301F-11D3-BF4B-00C04F79EFBC}") = "TKKnifeRealism", "TKKnifeRealism\TKKnifeRealism.csproj", "{022BD0FB-F4F7-4557-A624-815E684B0494}"
EndProject
Global
	GlobalSection(SolutionConfigurationPlatforms) = preSolution
		Debug|Any CPU = Debug|Any CPU
		Release|Any CPU = Release|Any CPU
	EndGlobalSection
	GlobalSection(ProjectConfigurationPlatforms) = postSolution
		{022BD0FB-F4F7-4557-A624-815E684B0494}.Debug|Any CPU.ActiveCfg = Debug|Any CPU
		{022BD0FB-F4F7-4557-A624-815E684B0494}.Debug|Any CPU.Build.0 = Debug|Any CPU
		{022BD0FB-F4F7-4557-A624-815E684B0494}.Release|Any CPU.ActiveCfg = Release|Any CPU
		{022BD0FB-F4F7-4557-A624-815E684B0494}.Release|Any CPU.Build.0 = Release|Any CPU
	EndGlobalSection
	GlobalSection(SolutionProperties) = preSolution
		HideSolutionNode = FALSE
	EndGlobalSection
EndGlobal
